github.com/piquette/finance-go v1.0.0 h1:0nHbZCbhAsUMUt18oTgy5bHQfPRGhcNA0EbpxNRsZAA=
github.com/piquette/finance-go v1.0.0/go.mod h1:H51NoGFnfu41Un/Fp0aAhS2lLRFBiiwHhMsV59bXAI0=
github.com/shopspring/decimal v0.0.0-20200419222939-1884f454f8ea h1:jaXWVFZ98/ihXniiDzqNXQgMSgklX4kjfDWZTE3ZtdU=
github.com/shopspring/decimal v0.0.0-20200419222939-1884f454f8ea/go.mod h1:DKyhrW/HYNuLGql+MJL6WCR6knT2jwCFRcu2hWCYk4o=
